
Microsoft Visual Studio Solution File, Format Version 12.00
# Visual Studio 15
VisualStudioVersion = 15.0.28307.902
MinimumVisualStudioVersion = 10.0.40219.1
Project("{FAE04EC0-301F-11D3-BF4B-00C04F79EFBC}") = "Matrix", "Matrix\Matrix.csproj", "{2EDEBA4B-B1C0-4003-AF8B-829737B4F23C}"
EndProject
Global
	GlobalSection(SolutionConfigurationPlatforms) = preSolution
		Debug|Any CPU = Debug|Any CPU
		Release|Any CPU = Release|Any CPU
	EndGlobalSection
	GlobalSection(ProjectConfigurationPlatforms) = postSolution
		{2EDEBA4B-B1C0-4003-AF8B-829737B4F23C}.Debug|Any CPU.ActiveCfg = Debug|Any CPU
		{2EDEBA4B-B1C0-4003-AF8B-829737B4F23C}.Debug|Any CPU.Build.0 = Debug|Any CPU
		{2EDEBA4B-B1C0-4003-AF8B-829737B4F23C}.Release|Any CPU.ActiveCfg = Release|Any CPU
		{2EDEBA4B-B1C0-4003-AF8B-829737B4F23C}.Release|Any CPU.Build.0 = Release|Any CPU
	EndGlobalSection
	GlobalSection(SolutionProperties) = preSolution
		HideSolutionNode = FALSE
	EndGlobalSection
	GlobalSection(ExtensibilityGlobals) = postSolution
		SolutionGuid = {861E0B9E-75BE-4290-AE8A-4FCA8CC7F2F5}
	EndGlobalSection
EndGlobal
